
Microsoft Visual Studio Solution File, Format Version 12.00
# Visual Studio Version 16
VisualStudioVersion = 16.0.29728.190
MinimumVisualStudioVersion = 10.0.40219.1
Project("{FAE04EC0-301F-11D3-BF4B-00C04F79EFBC}") = "KlasifikavimasXY", "KlasifikavimasXY\KlasifikavimasXY.csproj", "{0FB112D1-A8A0-4472-8856-1B41C462A5BC}"
EndProject
Project("{FAE04EC0-301F-11D3-BF4B-00C04F79EFBC}") = "DecisionTree", "DecisionTree\DecisionTree.csproj", "{2D5C49EB-117F-4CFF-97F0-F5D8114B0F23}"
EndProject
Project("{FAE04EC0-301F-11D3-BF4B-00C04F79EFBC}") = "ConsoleTests", "ConsoleTests\ConsoleTests.csproj", "{67A2664C-0402-46D1-ADDE-E345FA26B0EE}"
EndProject
Global
	GlobalSection(SolutionConfigurationPlatforms) = preSolution
		Debug|Any CPU = Debug|Any CPU
		Release|Any CPU = Release|Any CPU
	EndGlobalSection
	GlobalSection(ProjectConfigurationPlatforms) = postSolution
		{0FB112D1-A8A0-4472-8856-1B41C462A5BC}.Debug|Any CPU.ActiveCfg = Debug|Any CPU
		{0FB112D1-A8A0-4472-8856-1B41C462A5BC}.Debug|Any CPU.Build.0 = Debug|Any CPU
		{0FB112D1-A8A0-4472-8856-1B41C462A5BC}.Release|Any CPU.ActiveCfg = Release|Any CPU
		{0FB112D1-A8A0-4472-8856-1B41C462A5BC}.Release|Any CPU.Build.0 = Release|Any CPU
		{2D5C49EB-117F-4CFF-97F0-F5D8114B0F23}.Debug|Any CPU.ActiveCfg = Debug|Any CPU
		{2D5C49EB-117F-4CFF-97F0-F5D8114B0F23}.Debug|Any CPU.Build.0 = Debug|Any CPU
		{2D5C49EB-117F-4CFF-97F0-F5D8114B0F23}.Release|Any CPU.ActiveCfg = Release|Any CPU
		{2D5C49EB-117F-4CFF-97F0-F5D8114B0F23}.Release|Any CPU.Build.0 = Release|Any CPU
		{67A2664C-0402-46D1-ADDE-E345FA26B0EE}.Debug|Any CPU.ActiveCfg = Debug|Any CPU
		{67A2664C-0402-46D1-ADDE-E345FA26B0EE}.Debug|Any CPU.Build.0 = Debug|Any CPU
		{67A2664C-0402-46D1-ADDE-E345FA26B0EE}.Release|Any CPU.ActiveCfg = Release|Any CPU
		{67A2664C-0402-46D1-ADDE-E345FA26B0EE}.Release|Any CPU.Build.0 = Release|Any CPU
	EndGlobalSection
	GlobalSection(SolutionProperties) = preSolution
		HideSolutionNode = FALSE
	EndGlobalSection
	GlobalSection(ExtensibilityGlobals) = postSolution
		SolutionGuid = {12551FB7-9624-4EAB-91B4-99BD53AA5CE3}
	EndGlobalSection
EndGlobal
